// !$*UTF8*$!
{
	archiveVersion = 1;
	classes = {
	};
	objectVersion = 46;
	objects = {

/* Begin PBXBuildFile section */
		0184C1A61D31DB0D00AC3398 /* AppDelegate.swift in Sources */ = {isa = PBXBuildFile; fileRef = 0184C1A51D31DB0D00AC3398 /* AppDelegate.swift */; };
		0184C1A81D31DB0D00AC3398 /* ViewController.swift in Sources */ = {isa = PBXBuildFile; fileRef = 0184C1A71D31DB0D00AC3398 /* ViewController.swift */; };
		0184C1AB1D31DB0D00AC3398 /* Main.storyboard in Resources */ = {isa = PBXBuildFile; fileRef = 0184C1A91D31DB0D00AC3398 /* Main.storyboard */; };
		0184C1AD1D31DB0D00AC3398 /* Assets.xcassets in Resources */ = {isa = PBXBuildFile; fileRef = 0184C1AC1D31DB0D00AC3398 /* Assets.xcassets */; };
		0184C1B01D31DB0D00AC3398 /* LaunchScreen.storyboard in Resources */ = {isa = PBXBuildFile; fileRef = 0184C1AE1D31DB0D00AC3398 /* LaunchScreen.storyboard */; };
		0184C1BA1D31DBB100AC3398 /* RetainCycleLogger.swift in Sources */ = {isa = PBXBuildFile; fileRef = 0184C1B91D31DBB100AC3398 /* RetainCycleLogger.swift */; };
/* End PBXBuildFile section */

/* Begin PBXFileReference section */
		0184C1A21D31DB0D00AC3398 /* test-retain-cycle.app */ = {isa = PBXFileReference; explicitFileType = wrapper.application; includeInIndex = 0; path = "test-retain-cycle.app"; sourceTree = BUILT_PRODUCTS_DIR; };
		0184C1A51D31DB0D00AC3398 /* AppDelegate.swift */ = {isa = PBXFileReference; lastKnownFileType = sourcecode.swift; path = AppDelegate.swift; sourceTree = "<group>"; };
		0184C1A71D31DB0D00AC3398 /* ViewController.swift */ = {isa = PBXFileReference; lastKnownFileType = sourcecode.swift; path = ViewController.swift; sourceTree = "<group>"; };
		0184C1AA1D31DB0D00AC3398 /* Base */ = {isa = PBXFileReference; lastKnownFileType = file.storyboard; name = Base; path = Base.lproj/Main.storyboard; sourceTree = "<group>"; };
		0184C1AC1D31DB0D00AC3398 /* Assets.xcassets */ = {isa = PBXFileReference; lastKnownFileType = folder.assetcatalog; path = Assets.xcassets; sourceTree = "<group>"; };
		0184C1AF1D31DB0D00AC3398 /* Base */ = {isa = PBXFileReference; lastKnownFileType = file.storyboard; name = Base; path = Base.lproj/LaunchScreen.storyboard; sourceTree = "<group>"; };
		0184C1B11D31DB0D00AC3398 /* Info.plist */ = {isa = PBXFileReference; lastKnownFileType = text.plist.xml; path = Info.plist; sourceTree = "<group>"; };
		0184C1B91D31DBB100AC3398 /* RetainCycleLogger.swift */ = {isa = PBXFileReference; fileEncoding = 4; lastKnownFileType = sourcecode.swift; path = RetainCycleLogger.swift; sourceTree = "<group>"; };
/* End PBXFileReference section */

/* Begin PBXFrameworksBuildPhase section */
		0184C19F1D31DB0D00AC3398 /* Frameworks */ = {
			isa = PBXFrameworksBuildPhase;
			buildActionMask = 2147483647;
			files = (
			);
			runOnlyForDeploymentPostprocessing = 0;
		};
/* End PBXFrameworksBuildPhase section */

/* Begin PBXGroup section */
		0184C1991D31DB0C00AC3398 = {
			isa = PBXGroup;
			children = (
				0184C1A41D31DB0D00AC3398 /* test-retain-cycle */,
				0184C1A31D31DB0D00AC3398 /* Products */,
			);
			sourceTree = "<group>";
		};
		0184C1A31D31DB0D00AC3398 /* Products */ = {
			isa = PBXGroup;
			children = (
				0184C1A21D31DB0D00AC3398 /* test-retain-cycle.app */,
			);
			name = Products;
			sourceTree = "<group>";
		};
		0184C1A41D31DB0D00AC3398 /* test-retain-cycle */ = {
			isa = PBXGroup;
			children = (
				0184C1A51D31DB0D00AC3398 /* AppDelegate.swift */,
				0184C1A71D31DB0D00AC3398 /* ViewController.swift */,
				0184C1B91D31DBB100AC3398 /* RetainCycleLogger.swift */,
				0184C1A91D31DB0D00AC3398 /* Main.storyboard */,
				0184C1AC1D31DB0D00AC3398 /* Assets.xcassets */,
				0184C1AE1D31DB0D00AC3398 /* LaunchScreen.storyboard */,
				0184C1B11D31DB0D00AC3398 /* Info.plist */,
			);
			path = "test-retain-cycle";
			sourceTree = "<group>";
		};
/* End PBXGroup section */

/* Begin PBXNativeTarget section */
		0184C1A11D31DB0D00AC3398 /* test-retain-cycle */ = {
			isa = PBXNativeTarget;
			buildConfigurationList = 0184C1B41D31DB0D00AC3398 /* Build configuration list for PBXNativeTarget "test-retain-cycle" */;
			buildPhases = (
				0184C19E1D31DB0D00AC3398 /* Sources */,
				0184C19F1D31DB0D00AC3398 /* Frameworks */,
				0184C1A01D31DB0D00AC3398 /* Resources */,
			);
			buildRules = (
			);
			dependencies = (
			);
			name = "test-retain-cycle";
			productName = "test-retain-cycle";
			productReference = 0184C1A21D31DB0D00AC3398 /* test-retain-cycle.app */;
			productType = "com.apple.product-type.application";
		};
/* End PBXNativeTarget section */

/* Begin PBXProject section */
		0184C19A1D31DB0C00AC3398 /* Project object */ = {
			isa = PBXProject;
			attributes = {
				LastSwiftUpdateCheck = 0730;
				LastUpgradeCheck = 0730;
				ORGANIZATIONNAME = "Nick McConnell";
				TargetAttributes = {
					0184C1A11D31DB0D00AC3398 = {
						CreatedOnToolsVersion = 7.3;
					};
				};
			};
			buildConfigurationList = 0184C19D1D31DB0C00AC3398 /* Build configuration list for PBXProject "test-retain-cycle" */;
			compatibilityVersion = "Xcode 3.2";
			developmentRegion = English;
			hasScannedForEncodings = 0;
			knownRegions = (
				en,
				Base,
			);
			mainGroup = 0184C1991D31DB0C00AC3398;
			productRefGroup = 0184C1A31D31DB0D00AC3398 /* Products */;
			projectDirPath = "";
			projectRoot = "";
			targets = (
				0184C1A11D31DB0D00AC3398 /* test-retain-cycle */,
			);
		};
/* End PBXProject section */

/* Begin PBXResourcesBuildPhase section */
		0184C1A01D31DB0D00AC3398 /* Resources */ = {
			isa = PBXResourcesBuildPhase;
			buildActionMask = 2147483647;
			files = (
				0184C1B01D31DB0D00AC3398 /* LaunchScreen.storyboard in Resources */,
				0184C1AD1D31DB0D00AC3398 /* Assets.xcassets in Resources */,
				0184C1AB1D31DB0D00AC3398 /* Main.storyboard in Resources */,
			);
			runOnlyForDeploymentPostprocessing = 0;
		};
/* End PBXResourcesBuildPhase section */

/* Begin PBXSourcesBuildPhase section */
		0184C19E1D31DB0D00AC3398 /* Sources */ = {
			isa = PBXSourcesBuildPhase;
			buildActionMask = 2147483647;
			files = (
				0184C1A81D31DB0D00AC3398 /* ViewController.swift in Sources */,
				0184C1BA1D31DBB100AC3398 /* RetainCycleLogger.swift in Sources */,
				0184C1A61D31DB0D00AC3398 /* AppDelegate.swift in Sources */,
			);
			runOnlyForDeploymentPostprocessing = 0;
		};
/* End PBXSourcesBuildPhase section */

/* Begin PBXVariantGroup section */
		0184C1A91D31DB0D00AC3398 /* Main.storyboard */ = {
			isa = PBXVariantGroup;
			children = (
				0184C1AA1D31DB0D00AC3398 /* Base */,
			);
			name = Main.storyboard;
			sourceTree = "<group>";
		};
		0184C1AE1D31DB0D00AC3398 /* LaunchScreen.storyboard */ = {
			isa = PBXVariantGroup;
			children = (
				0184C1AF1D31DB0D00AC3398 /* Base */,
			);
			name = LaunchScreen.storyboard;
			sourceTree = "<group>";
		};
/* End PBXVariantGroup section */

/* Begin XCBuildConfiguration section */
		0184C1B21D31DB0D00AC3398 /* Debug */ = {
			isa = XCBuildConfiguration;
			buildSettings = {
				ALWAYS_SEARCH_USER_PATHS = NO;
				CLANG_ANALYZER_NONNULL = YES;
				CLANG_CXX_LANGUAGE_STANDARD = "gnu++0x";
				CLANG_CXX_LIBRARY = "libc++";
				CLANG_ENABLE_MODULES = YES;
				CLANG_ENABLE_OBJC_ARC = YES;
				CLANG_WARN_BOOL_CONVERSION = YES;
				CLANG_WARN_CONSTANT_CONVERSION = YES;
				CLANG_WARN_DIRECT_OBJC_ISA_USAGE = YES_ERROR;
				CLANG_WARN_EMPTY_BODY = YES;
				CLANG_WARN_ENUM_CONVERSION = YES;
				CLANG_WARN_INT_CONVERSION = YES;
				CLANG_WARN_OBJC_ROOT_CLASS = YES_ERROR;
				CLANG_WARN_UNREACHABLE_CODE = YES;
				CLANG_WARN__DUPLICATE_METHOD_MATCH = YES;
				"CODE_SIGN_IDENTITY[sdk=iphoneos*]" = "iPhone Developer";
				COPY_PHASE_STRIP = NO;
				DEBUG_INFORMATION_FORMAT = dwarf;
				ENABLE_STRICT_OBJC_MSGSEND = YES;
				ENABLE_TESTABILITY = YES;
				GCC_C_LANGUAGE_STANDARD = gnu99;
				GCC_DYNAMIC_NO_PIC = NO;
				GCC_NO_COMMON_BLOCKS = YES;
				GCC_OPTIMIZATION_LEVEL = 0;
				GCC_PREPROCESSOR_DEFINITIONS = (
					"DEBUG=1",
					"$(inherited)",
				);
				GCC_WARN_64_TO_32_BIT_CONVERSION = YES;
				GCC_WARN_ABOUT_RETURN_TYPE = YES_ERROR;
				GCC_WARN_UNDECLARED_SELECTOR = YES;
				GCC_WARN_UNINITIALIZED_AUTOS = YES_AGGRESSIVE;
				GCC_WARN_UNUSED_FUNCTION = YES;
				GCC_WARN_UNUSED_VARIABLE = YES;
				IPHONEOS_DEPLOYMENT_TARGET = 9.3;
				MTL_ENABLE_DEBUG_INFO = YES;
				ONLY_ACTIVE_ARCH = YES;
				SDKROOT = iphoneos;
				SWIFT_OPTIMIZATION_LEVEL = "-Onone";
				TARGETED_DEVICE_FAMILY = "1,2";
			};
			name = Debug;
		};
		0184C1B31D31DB0D00AC3398 /* Release */ = {
			isa = XCBuildConfiguration;
			buildSettings = {
				ALWAYS_SEARCH_USER_PATHS = NO;
				CLANG_ANALYZER_NONNULL = YES;
				CLANG_CXX_LANGUAGE_STANDARD = "gnu++0x";
				CLANG_CXX_LIBRARY = "libc++";
				CLANG_ENABLE_MODULES = YES;
				CLANG_ENABLE_OBJC_ARC = YES;
				CLANG_WARN_BOOL_CONVERSION = YES;
				CLANG_WARN_CONSTANT_CONVERSION = YES;
				CLANG_WARN_DIRECT_OBJC_ISA_USAGE = YES_ERROR;
				CLANG_WARN_EMPTY_BODY = YES;
				CLANG_WARN_ENUM_CONVERSION = YES;
				CLANG_WARN_INT_CONVERSION = YES;
				CLANG_WARN_OBJC_ROOT_CLASS = YES_ERROR;
				CLANG_WARN_UNREACHABLE_CODE = YES;
				CLANG_WARN__DUPLICATE_METHOD_MATCH = YES;
				"CODE_SIGN_IDENTITY[sdk=iphoneos*]" = "iPhone Developer";
				COPY_PHASE_STRIP = NO;
				DEBUG_INFORMATION_FORMAT = "dwarf-with-dsym";
				ENABLE_NS_ASSERTIONS = NO;
				ENABLE_STRICT_OBJC_MSGSEND = YES;
				GCC_C_LANGUAGE_STANDARD = gnu99;
				GCC_NO_COMMON_BLOCKS = YES;
				GCC_WARN_64_TO_32_BIT_CONVERSION = YES;
				GCC_WARN_ABOUT_RETURN_TYPE = YES_ERROR;
				GCC_WARN_UNDECLARED_SELECTOR = YES;
				GCC_WARN_UNINITIALIZED_AUTOS = YES_AGGRESSIVE;
				GCC_WARN_UNUSED_FUNCTION = YES;
				GCC_WARN_UNUSED_VARIABLE = YES;
				IPHONEOS_DEPLOYMENT_TARGET = 9.3;
				MTL_ENABLE_DEBUG_INFO = NO;
				SDKROOT = iphoneos;
				TARGETED_DEVICE_FAMILY = "1,2";
				VALIDATE_PRODUCT = YES;
			};
			name = Release;
		};
		0184C1B51D31DB0D00AC3398 /* Debug */ = {
			isa = XCBuildConfiguration;
			buildSettings = {
				ASSETCATALOG_COMPILER_APPICON_NAME = AppIcon;
				INFOPLIST_FILE = "test-retain-cycle/Info.plist";
				LD_RUNPATH_SEARCH_PATHS = "$(inherited) @executable_path/Frameworks";
				PRODUCT_BUNDLE_IDENTIFIER = "NM.test-retain-cycle";
				PRODUCT_NAME = "$(TARGET_NAME)";
			};
			name = Debug;
		};
		0184C1B61D31DB0D00AC3398 /* Release */ = {
			isa = XCBuildConfiguration;
			buildSettings = {
				ASSETCATALOG_COMPILER_APPICON_NAME = AppIcon;
				INFOPLIST_FILE = "test-retain-cycle/Info.plist";
				LD_RUNPATH_SEARCH_PATHS = "$(inherited) @executable_path/Frameworks";
				PRODUCT_BUNDLE_IDENTIFIER = "NM.test-retain-cycle";
				PRODUCT_NAME = "$(TARGET_NAME)";
			};
			name = Release;
		};
/* End XCBuildConfiguration section */

/* Begin XCConfigurationList section */
		0184C19D1D31DB0C00AC3398 /* Build configuration list for PBXProject "test-retain-cycle" */ = {
			isa = XCConfigurationList;
			buildConfigurations = (
				0184C1B21D31DB0D00AC3398 /* Debug */,
				0184C1B31D31DB0D00AC3398 /* Release */,
			);
			defaultConfigurationIsVisible = 0;
			defaultConfigurationName = Release;
		};
		0184C1B41D31DB0D00AC3398 /* Build configuration list for PBXNativeTarget "test-retain-cycle" */ = {
			isa = XCConfigurationList;
			buildConfigurations = (
				0184C1B51D31DB0D00AC3398 /* Debug */,
				0184C1B61D31DB0D00AC3398 /* Release */,
			);
			defaultConfigurationIsVisible = 0;
		};
/* End XCConfigurationList section */
	};
	rootObject = 0184C19A1D31DB0C00AC3398 /* Project object */;
}
